
Microsoft Visual Studio Solution File, Format Version 12.00
# Visual Studio 14
VisualStudioVersion = 14.0.25420.1
MinimumVisualStudioVersion = 10.0.40219.1
Project("{FAE04EC0-301F-11D3-BF4B-00C04F79EFBC}") = "SICTester", "SICTester\SICTester.csproj", "{D924E797-DC00-4B0A-BBD6-A71435D5D09B}"
EndProject
Project("{FAE04EC0-301F-11D3-BF4B-00C04F79EFBC}") = "SvcWorker", "SvcWorker\SvcWorker.csproj", "{96C20469-B9AF-44A5-8902-199D39E4DD51}"
EndProject
Project("{FAE04EC0-301F-11D3-BF4B-00C04F79EFBC}") = "IoTModbus", "IoTModbus\IoTModbus.csproj", "{1355D1FC-EB78-46B2-8D8E-60C746002D52}"
EndProject
Global
	GlobalSection(SolutionConfigurationPlatforms) = preSolution
		Debug|Any CPU = Debug|Any CPU
		Debug|ARM = Debug|ARM
		Debug|x64 = Debug|x64
		Debug|x86 = Debug|x86
		Dist|Any CPU = Dist|Any CPU
		Dist|ARM = Dist|ARM
		Dist|x64 = Dist|x64
		Dist|x86 = Dist|x86
		Release|Any CPU = Release|Any CPU
		Release|ARM = Release|ARM
		Release|x64 = Release|x64
		Release|x86 = Release|x86
		SignedRelease|Any CPU = SignedRelease|Any CPU
		SignedRelease|ARM = SignedRelease|ARM
		SignedRelease|x64 = SignedRelease|x64
		SignedRelease|x86 = SignedRelease|x86
		Test|Any CPU = Test|Any CPU
		Test|ARM = Test|ARM
		Test|x64 = Test|x64
		Test|x86 = Test|x86
	EndGlobalSection
	GlobalSection(ProjectConfigurationPlatforms) = postSolution
		{D924E797-DC00-4B0A-BBD6-A71435D5D09B}.Debug|Any CPU.ActiveCfg = Debug|x86
		{D924E797-DC00-4B0A-BBD6-A71435D5D09B}.Debug|ARM.ActiveCfg = Debug|ARM
		{D924E797-DC00-4B0A-BBD6-A71435D5D09B}.Debug|ARM.Build.0 = Debug|ARM
		{D924E797-DC00-4B0A-BBD6-A71435D5D09B}.Debug|ARM.Deploy.0 = Debug|ARM
		{D924E797-DC00-4B0A-BBD6-A71435D5D09B}.Debug|x64.ActiveCfg = Debug|x64
		{D924E797-DC00-4B0A-BBD6-A71435D5D09B}.Debug|x64.Build.0 = Debug|x64
		{D924E797-DC00-4B0A-BBD6-A71435D5D09B}.Debug|x64.Deploy.0 = Debug|x64
		{D924E797-DC00-4B0A-BBD6-A71435D5D09B}.Debug|x86.ActiveCfg = Debug|x86
		{D924E797-DC00-4B0A-BBD6-A71435D5D09B}.Debug|x86.Build.0 = Debug|x86
		{D924E797-DC00-4B0A-BBD6-A71435D5D09B}.Debug|x86.Deploy.0 = Debug|x86
		{D924E797-DC00-4B0A-BBD6-A71435D5D09B}.Dist|Any CPU.ActiveCfg = Release|x64
		{D924E797-DC00-4B0A-BBD6-A71435D5D09B}.Dist|Any CPU.Build.0 = Release|x64
		{D924E797-DC00-4B0A-BBD6-A71435D5D09B}.Dist|Any CPU.Deploy.0 = Release|x64
		{D924E797-DC00-4B0A-BBD6-A71435D5D09B}.Dist|ARM.ActiveCfg = Debug|ARM
		{D924E797-DC00-4B0A-BBD6-A71435D5D09B}.Dist|ARM.Build.0 = Debug|ARM
		{D924E797-DC00-4B0A-BBD6-A71435D5D09B}.Dist|ARM.Deploy.0 = Debug|ARM
		{D924E797-DC00-4B0A-BBD6-A71435D5D09B}.Dist|x64.ActiveCfg = Debug|x64
		{D924E797-DC00-4B0A-BBD6-A71435D5D09B}.Dist|x64.Build.0 = Debug|x64
		{D924E797-DC00-4B0A-BBD6-A71435D5D09B}.Dist|x64.Deploy.0 = Debug|x64
		{D924E797-DC00-4B0A-BBD6-A71435D5D09B}.Dist|x86.ActiveCfg = Debug|x86
		{D924E797-DC00-4B0A-BBD6-A71435D5D09B}.Dist|x86.Build.0 = Debug|x86
		{D924E797-DC00-4B0A-BBD6-A71435D5D09B}.Dist|x86.Deploy.0 = Debug|x86
		{D924E797-DC00-4B0A-BBD6-A71435D5D09B}.Release|Any CPU.ActiveCfg = Release|x86
		{D924E797-DC00-4B0A-BBD6-A71435D5D09B}.Release|ARM.ActiveCfg = Release|ARM
		{D924E797-DC00-4B0A-BBD6-A71435D5D09B}.Release|ARM.Build.0 = Release|ARM
		{D924E797-DC00-4B0A-BBD6-A71435D5D09B}.Release|ARM.Deploy.0 = Release|ARM
		{D924E797-DC00-4B0A-BBD6-A71435D5D09B}.Release|x64.ActiveCfg = Release|x64
		{D924E797-DC00-4B0A-BBD6-A71435D5D09B}.Release|x64.Build.0 = Release|x64
		{D924E797-DC00-4B0A-BBD6-A71435D5D09B}.Release|x64.Deploy.0 = Release|x64
		{D924E797-DC00-4B0A-BBD6-A71435D5D09B}.Release|x86.ActiveCfg = Release|x86
		{D924E797-DC00-4B0A-BBD6-A71435D5D09B}.Release|x86.Build.0 = Release|x86
		{D924E797-DC00-4B0A-BBD6-A71435D5D09B}.Release|x86.Deploy.0 = Release|x86
		{D924E797-DC00-4B0A-BBD6-A71435D5D09B}.SignedRelease|Any CPU.ActiveCfg = Release|x64
		{D924E797-DC00-4B0A-BBD6-A71435D5D09B}.SignedRelease|Any CPU.Build.0 = Release|x64
		{D924E797-DC00-4B0A-BBD6-A71435D5D09B}.SignedRelease|Any CPU.Deploy.0 = Release|x64
		{D924E797-DC00-4B0A-BBD6-A71435D5D09B}.SignedRelease|ARM.ActiveCfg = Release|ARM
		{D924E797-DC00-4B0A-BBD6-A71435D5D09B}.SignedRelease|ARM.Build.0 = Release|ARM
		{D924E797-DC00-4B0A-BBD6-A71435D5D09B}.SignedRelease|ARM.Deploy.0 = Release|ARM
		{D924E797-DC00-4B0A-BBD6-A71435D5D09B}.SignedRelease|x64.ActiveCfg = Release|x64
		{D924E797-DC00-4B0A-BBD6-A71435D5D09B}.SignedRelease|x64.Build.0 = Release|x64
		{D924E797-DC00-4B0A-BBD6-A71435D5D09B}.SignedRelease|x64.Deploy.0 = Release|x64
		{D924E797-DC00-4B0A-BBD6-A71435D5D09B}.SignedRelease|x86.ActiveCfg = Release|x86
		{D924E797-DC00-4B0A-BBD6-A71435D5D09B}.SignedRelease|x86.Build.0 = Release|x86
		{D924E797-DC00-4B0A-BBD6-A71435D5D09B}.SignedRelease|x86.Deploy.0 = Release|x86
		{D924E797-DC00-4B0A-BBD6-A71435D5D09B}.Test|Any CPU.ActiveCfg = Release|x64
		{D924E797-DC00-4B0A-BBD6-A71435D5D09B}.Test|Any CPU.Build.0 = Release|x64
		{D924E797-DC00-4B0A-BBD6-A71435D5D09B}.Test|Any CPU.Deploy.0 = Release|x64
		{D924E797-DC00-4B0A-BBD6-A71435D5D09B}.Test|ARM.ActiveCfg = Release|ARM
		{D924E797-DC00-4B0A-BBD6-A71435D5D09B}.Test|ARM.Build.0 = Release|ARM
		{D924E797-DC00-4B0A-BBD6-A71435D5D09B}.Test|ARM.Deploy.0 = Release|ARM
		{D924E797-DC00-4B0A-BBD6-A71435D5D09B}.Test|x64.ActiveCfg = Release|x64
		{D924E797-DC00-4B0A-BBD6-A71435D5D09B}.Test|x64.Build.0 = Release|x64
		{D924E797-DC00-4B0A-BBD6-A71435D5D09B}.Test|x64.Deploy.0 = Release|x64
		{D924E797-DC00-4B0A-BBD6-A71435D5D09B}.Test|x86.ActiveCfg = Release|x86
		{D924E797-DC00-4B0A-BBD6-A71435D5D09B}.Test|x86.Build.0 = Release|x86
		{D924E797-DC00-4B0A-BBD6-A71435D5D09B}.Test|x86.Deploy.0 = Release|x86
		{96C20469-B9AF-44A5-8902-199D39E4DD51}.Debug|Any CPU.ActiveCfg = Debug|Any CPU
		{96C20469-B9AF-44A5-8902-199D39E4DD51}.Debug|Any CPU.Build.0 = Debug|Any CPU
		{96C20469-B9AF-44A5-8902-199D39E4DD51}.Debug|ARM.ActiveCfg = Debug|ARM
		{96C20469-B9AF-44A5-8902-199D39E4DD51}.Debug|ARM.Build.0 = Debug|ARM
		{96C20469-B9AF-44A5-8902-199D39E4DD51}.Debug|x64.ActiveCfg = Debug|x64
		{96C20469-B9AF-44A5-8902-199D39E4DD51}.Debug|x64.Build.0 = Debug|x64
		{96C20469-B9AF-44A5-8902-199D39E4DD51}.Debug|x86.ActiveCfg = Debug|x86
		{96C20469-B9AF-44A5-8902-199D39E4DD51}.Debug|x86.Build.0 = Debug|x86
		{96C20469-B9AF-44A5-8902-199D39E4DD51}.Dist|Any CPU.ActiveCfg = Debug|Any CPU
		{96C20469-B9AF-44A5-8902-199D39E4DD51}.Dist|Any CPU.Build.0 = Debug|Any CPU
		{96C20469-B9AF-44A5-8902-199D39E4DD51}.Dist|ARM.ActiveCfg = Debug|ARM
		{96C20469-B9AF-44A5-8902-199D39E4DD51}.Dist|ARM.Build.0 = Debug|ARM
		{96C20469-B9AF-44A5-8902-199D39E4DD51}.Dist|x64.ActiveCfg = Debug|x64
		{96C20469-B9AF-44A5-8902-199D39E4DD51}.Dist|x64.Build.0 = Debug|x64
		{96C20469-B9AF-44A5-8902-199D39E4DD51}.Dist|x86.ActiveCfg = Debug|x86
		{96C20469-B9AF-44A5-8902-199D39E4DD51}.Dist|x86.Build.0 = Debug|x86
		{96C20469-B9AF-44A5-8902-199D39E4DD51}.Release|Any CPU.ActiveCfg = Release|Any CPU
		{96C20469-B9AF-44A5-8902-199D39E4DD51}.Release|Any CPU.Build.0 = Release|Any CPU
		{96C20469-B9AF-44A5-8902-199D39E4DD51}.Release|ARM.ActiveCfg = Release|ARM
		{96C20469-B9AF-44A5-8902-199D39E4DD51}.Release|ARM.Build.0 = Release|ARM
		{96C20469-B9AF-44A5-8902-199D39E4DD51}.Release|x64.ActiveCfg = Release|x64
		{96C20469-B9AF-44A5-8902-199D39E4DD51}.Release|x64.Build.0 = Release|x64
		{96C20469-B9AF-44A5-8902-199D39E4DD51}.Release|x86.ActiveCfg = Release|x86
		{96C20469-B9AF-44A5-8902-199D39E4DD51}.Release|x86.Build.0 = Release|x86
		{96C20469-B9AF-44A5-8902-199D39E4DD51}.SignedRelease|Any CPU.ActiveCfg = Release|Any CPU
		{96C20469-B9AF-44A5-8902-199D39E4DD51}.SignedRelease|Any CPU.Build.0 = Release|Any CPU
		{96C20469-B9AF-44A5-8902-199D39E4DD51}.SignedRelease|ARM.ActiveCfg = Release|ARM
		{96C20469-B9AF-44A5-8902-199D39E4DD51}.SignedRelease|ARM.Build.0 = Release|ARM
		{96C20469-B9AF-44A5-8902-199D39E4DD51}.SignedRelease|x64.ActiveCfg = Release|x64
		{96C20469-B9AF-44A5-8902-199D39E4DD51}.SignedRelease|x64.Build.0 = Release|x64
		{96C20469-B9AF-44A5-8902-199D39E4DD51}.SignedRelease|x86.ActiveCfg = Release|x86
		{96C20469-B9AF-44A5-8902-199D39E4DD51}.SignedRelease|x86.Build.0 = Release|x86
		{96C20469-B9AF-44A5-8902-199D39E4DD51}.Test|Any CPU.ActiveCfg = Release|Any CPU
		{96C20469-B9AF-44A5-8902-199D39E4DD51}.Test|Any CPU.Build.0 = Release|Any CPU
		{96C20469-B9AF-44A5-8902-199D39E4DD51}.Test|ARM.ActiveCfg = Release|ARM
		{96C20469-B9AF-44A5-8902-199D39E4DD51}.Test|ARM.Build.0 = Release|ARM
		{96C20469-B9AF-44A5-8902-199D39E4DD51}.Test|x64.ActiveCfg = Release|x64
		{96C20469-B9AF-44A5-8902-199D39E4DD51}.Test|x64.Build.0 = Release|x64
		{96C20469-B9AF-44A5-8902-199D39E4DD51}.Test|x86.ActiveCfg = Release|x86
		{96C20469-B9AF-44A5-8902-199D39E4DD51}.Test|x86.Build.0 = Release|x86
		{1355D1FC-EB78-46B2-8D8E-60C746002D52}.Debug|Any CPU.ActiveCfg = Debug|Any CPU
		{1355D1FC-EB78-46B2-8D8E-60C746002D52}.Debug|Any CPU.Build.0 = Debug|Any CPU
		{1355D1FC-EB78-46B2-8D8E-60C746002D52}.Debug|ARM.ActiveCfg = Debug|ARM
		{1355D1FC-EB78-46B2-8D8E-60C746002D52}.Debug|ARM.Build.0 = Debug|ARM
		{1355D1FC-EB78-46B2-8D8E-60C746002D52}.Debug|x64.ActiveCfg = Debug|x64
		{1355D1FC-EB78-46B2-8D8E-60C746002D52}.Debug|x64.Build.0 = Debug|x64
		{1355D1FC-EB78-46B2-8D8E-60C746002D52}.Debug|x86.ActiveCfg = Debug|x86
		{1355D1FC-EB78-46B2-8D8E-60C746002D52}.Debug|x86.Build.0 = Debug|x86
		{1355D1FC-EB78-46B2-8D8E-60C746002D52}.Dist|Any CPU.ActiveCfg = Debug|Any CPU
		{1355D1FC-EB78-46B2-8D8E-60C746002D52}.Dist|Any CPU.Build.0 = Debug|Any CPU
		{1355D1FC-EB78-46B2-8D8E-60C746002D52}.Dist|ARM.ActiveCfg = Debug|ARM
		{1355D1FC-EB78-46B2-8D8E-60C746002D52}.Dist|ARM.Build.0 = Debug|ARM
		{1355D1FC-EB78-46B2-8D8E-60C746002D52}.Dist|x64.ActiveCfg = Debug|x64
		{1355D1FC-EB78-46B2-8D8E-60C746002D52}.Dist|x64.Build.0 = Debug|x64
		{1355D1FC-EB78-46B2-8D8E-60C746002D52}.Dist|x86.ActiveCfg = Debug|x86
		{1355D1FC-EB78-46B2-8D8E-60C746002D52}.Dist|x86.Build.0 = Debug|x86
		{1355D1FC-EB78-46B2-8D8E-60C746002D52}.Release|Any CPU.ActiveCfg = Release|Any CPU
		{1355D1FC-EB78-46B2-8D8E-60C746002D52}.Release|Any CPU.Build.0 = Release|Any CPU
		{1355D1FC-EB78-46B2-8D8E-60C746002D52}.Release|ARM.ActiveCfg = Release|ARM
		{1355D1FC-EB78-46B2-8D8E-60C746002D52}.Release|ARM.Build.0 = Release|ARM
		{1355D1FC-EB78-46B2-8D8E-60C746002D52}.Release|x64.ActiveCfg = Release|x64
		{1355D1FC-EB78-46B2-8D8E-60C746002D52}.Release|x64.Build.0 = Release|x64
		{1355D1FC-EB78-46B2-8D8E-60C746002D52}.Release|x86.ActiveCfg = Release|x86
		{1355D1FC-EB78-46B2-8D8E-60C746002D52}.Release|x86.Build.0 = Release|x86
		{1355D1FC-EB78-46B2-8D8E-60C746002D52}.SignedRelease|Any CPU.ActiveCfg = Release|Any CPU
		{1355D1FC-EB78-46B2-8D8E-60C746002D52}.SignedRelease|Any CPU.Build.0 = Release|Any CPU
		{1355D1FC-EB78-46B2-8D8E-60C746002D52}.SignedRelease|ARM.ActiveCfg = Release|ARM
		{1355D1FC-EB78-46B2-8D8E-60C746002D52}.SignedRelease|ARM.Build.0 = Release|ARM
		{1355D1FC-EB78-46B2-8D8E-60C746002D52}.SignedRelease|x64.ActiveCfg = Release|x64
		{1355D1FC-EB78-46B2-8D8E-60C746002D52}.SignedRelease|x64.Build.0 = Release|x64
		{1355D1FC-EB78-46B2-8D8E-60C746002D52}.SignedRelease|x86.ActiveCfg = Release|x86
		{1355D1FC-EB78-46B2-8D8E-60C746002D52}.SignedRelease|x86.Build.0 = Release|x86
		{1355D1FC-EB78-46B2-8D8E-60C746002D52}.Test|Any CPU.ActiveCfg = Release|Any CPU
		{1355D1FC-EB78-46B2-8D8E-60C746002D52}.Test|Any CPU.Build.0 = Release|Any CPU
		{1355D1FC-EB78-46B2-8D8E-60C746002D52}.Test|ARM.ActiveCfg = Release|ARM
		{1355D1FC-EB78-46B2-8D8E-60C746002D52}.Test|ARM.Build.0 = Release|ARM
		{1355D1FC-EB78-46B2-8D8E-60C746002D52}.Test|x64.ActiveCfg = Release|x64
		{1355D1FC-EB78-46B2-8D8E-60C746002D52}.Test|x64.Build.0 = Release|x64
		{1355D1FC-EB78-46B2-8D8E-60C746002D52}.Test|x86.ActiveCfg = Release|x86
		{1355D1FC-EB78-46B2-8D8E-60C746002D52}.Test|x86.Build.0 = Release|x86
	EndGlobalSection
	GlobalSection(SolutionProperties) = preSolution
		HideSolutionNode = FALSE
	EndGlobalSection
	GlobalSection(ExtensibilityGlobals) = postSolution
		VisualSVNWorkingCopyRoot = ..
	EndGlobalSection
EndGlobal
